// !$*UTF8*$!
{
	archiveVersion = 1;
	classes = {
	};
	objectVersion = 46;
	objects = {

/* Begin PBXBuildFile section */
		552E01831B2CBE7D00590E8F /* main.m in Sources */ = {isa = PBXBuildFile; fileRef = 552E01821B2CBE7D00590E8F /* main.m */; };
		552E01861B2CBE7D00590E8F /* AppDelegate.m in Sources */ = {isa = PBXBuildFile; fileRef = 552E01851B2CBE7D00590E8F /* AppDelegate.m */; };
		552E01891B2CBE7D00590E8F /* ViewController.m in Sources */ = {isa = PBXBuildFile; fileRef = 552E01881B2CBE7D00590E8F /* ViewController.m */; };
		552E018C1B2CBE7D00590E8F /* Main.storyboard in Resources */ = {isa = PBXBuildFile; fileRef = 552E018A1B2CBE7D00590E8F /* Main.storyboard */; };
		552E018E1B2CBE7D00590E8F /* Images.xcassets in Resources */ = {isa = PBXBuildFile; fileRef = 552E018D1B2CBE7D00590E8F /* Images.xcassets */; };
		552E01911B2CBE7D00590E8F /* LaunchScreen.xib in Resources */ = {isa = PBXBuildFile; fileRef = 552E018F1B2CBE7D00590E8F /* LaunchScreen.xib */; };
		552E019D1B2CBE7D00590E8F /* HorizonTests.m in Sources */ = {isa = PBXBuildFile; fileRef = 552E019C1B2CBE7D00590E8F /* HorizonTests.m */; };
/* End PBXBuildFile section */

/* Begin PBXContainerItemProxy section */
		552E01971B2CBE7D00590E8F /* PBXContainerItemProxy */ = {
			isa = PBXContainerItemProxy;
			containerPortal = 552E01751B2CBE7D00590E8F /* Project object */;
			proxyType = 1;
			remoteGlobalIDString = 552E017C1B2CBE7D00590E8F;
			remoteInfo = Horizon;
		};
/* End PBXContainerItemProxy section */

/* Begin PBXFileReference section */
		552E017D1B2CBE7D00590E8F /* Horizon.app */ = {isa = PBXFileReference; explicitFileType = wrapper.application; includeInIndex = 0; path = Horizon.app; sourceTree = BUILT_PRODUCTS_DIR; };
		552E01811B2CBE7D00590E8F /* Info.plist */ = {isa = PBXFileReference; lastKnownFileType = text.plist.xml; path = Info.plist; sourceTree = "<group>"; };
		552E01821B2CBE7D00590E8F /* main.m */ = {isa = PBXFileReference; lastKnownFileType = sourcecode.c.objc; path = main.m; sourceTree = "<group>"; };
		552E01841B2CBE7D00590E8F /* AppDelegate.h */ = {isa = PBXFileReference; lastKnownFileType = sourcecode.c.h; path = AppDelegate.h; sourceTree = "<group>"; };
		552E01851B2CBE7D00590E8F /* AppDelegate.m */ = {isa = PBXFileReference; lastKnownFileType = sourcecode.c.objc; path = AppDelegate.m; sourceTree = "<group>"; };
		552E01871B2CBE7D00590E8F /* ViewController.h */ = {isa = PBXFileReference; lastKnownFileType = sourcecode.c.h; path = ViewController.h; sourceTree = "<group>"; };
		552E01881B2CBE7D00590E8F /* ViewController.m */ = {isa = PBXFileReference; lastKnownFileType = sourcecode.c.objc; path = ViewController.m; sourceTree = "<group>"; };
		552E018B1B2CBE7D00590E8F /* Base */ = {isa = PBXFileReference; lastKnownFileType = file.storyboard; name = Base; path = Base.lproj/Main.storyboard; sourceTree = "<group>"; };
		552E018D1B2CBE7D00590E8F /* Images.xcassets */ = {isa = PBXFileReference; lastKnownFileType = folder.assetcatalog; path = Images.xcassets; sourceTree = "<group>"; };
		552E01901B2CBE7D00590E8F /* Base */ = {isa = PBXFileReference; lastKnownFileType = file.xib; name = Base; path = Base.lproj/LaunchScreen.xib; sourceTree = "<group>"; };
		552E01961B2CBE7D00590E8F /* HorizonTests.xctest */ = {isa = PBXFileReference; explicitFileType = wrapper.cfbundle; includeInIndex = 0; path = HorizonTests.xctest; sourceTree = BUILT_PRODUCTS_DIR; };
		552E019B1B2CBE7D00590E8F /* Info.plist */ = {isa = PBXFileReference; lastKnownFileType = text.plist.xml; path = Info.plist; sourceTree = "<group>"; };
		552E019C1B2CBE7D00590E8F /* HorizonTests.m */ = {isa = PBXFileReference; lastKnownFileType = sourcecode.c.objc; path = HorizonTests.m; sourceTree = "<group>"; };
/* End PBXFileReference section */

/* Begin PBXFrameworksBuildPhase section */
		552E017A1B2CBE7D00590E8F /* Frameworks */ = {
			isa = PBXFrameworksBuildPhase;
			buildActionMask = 2147483647;
			files = (
			);
			runOnlyForDeploymentPostprocessing = 0;
		};
		552E01931B2CBE7D00590E8F /* Frameworks */ = {
			isa = PBXFrameworksBuildPhase;
			buildActionMask = 2147483647;
			files = (
			);
			runOnlyForDeploymentPostprocessing = 0;
		};
/* End PBXFrameworksBuildPhase section */

/* Begin PBXGroup section */
		552E01741B2CBE7D00590E8F = {
			isa = PBXGroup;
			children = (
				552E017F1B2CBE7D00590E8F /* Horizon */,
				552E01991B2CBE7D00590E8F /* HorizonTests */,
				552E017E1B2CBE7D00590E8F /* Products */,
			);
			sourceTree = "<group>";
		};
		552E017E1B2CBE7D00590E8F /* Products */ = {
			isa = PBXGroup;
			children = (
				552E017D1B2CBE7D00590E8F /* Horizon.app */,
				552E01961B2CBE7D00590E8F /* HorizonTests.xctest */,
			);
			name = Products;
			sourceTree = "<group>";
		};
		552E017F1B2CBE7D00590E8F /* Horizon */ = {
			isa = PBXGroup;
			children = (
				552E01841B2CBE7D00590E8F /* AppDelegate.h */,
				552E01851B2CBE7D00590E8F /* AppDelegate.m */,
				552E01871B2CBE7D00590E8F /* ViewController.h */,
				552E01881B2CBE7D00590E8F /* ViewController.m */,
				552E018A1B2CBE7D00590E8F /* Main.storyboard */,
				552E018D1B2CBE7D00590E8F /* Images.xcassets */,
				552E018F1B2CBE7D00590E8F /* LaunchScreen.xib */,
				552E01801B2CBE7D00590E8F /* Supporting Files */,
			);
			path = Horizon;
			sourceTree = "<group>";
		};
		552E01801B2CBE7D00590E8F /* Supporting Files */ = {
			isa = PBXGroup;
			children = (
				552E01811B2CBE7D00590E8F /* Info.plist */,
				552E01821B2CBE7D00590E8F /* main.m */,
			);
			name = "Supporting Files";
			sourceTree = "<group>";
		};
		552E01991B2CBE7D00590E8F /* HorizonTests */ = {
			isa = PBXGroup;
			children = (
				552E019C1B2CBE7D00590E8F /* HorizonTests.m */,
				552E019A1B2CBE7D00590E8F /* Supporting Files */,
			);
			path = HorizonTests;
			sourceTree = "<group>";
		};
		552E019A1B2CBE7D00590E8F /* Supporting Files */ = {
			isa = PBXGroup;
			children = (
				552E019B1B2CBE7D00590E8F /* Info.plist */,
			);
			name = "Supporting Files";
			sourceTree = "<group>";
		};
/* End PBXGroup section */

/* Begin PBXNativeTarget section */
		552E017C1B2CBE7D00590E8F /* Horizon */ = {
			isa = PBXNativeTarget;
			buildConfigurationList = 552E01A01B2CBE7D00590E8F /* Build configuration list for PBXNativeTarget "Horizon" */;
			buildPhases = (
				552E01791B2CBE7D00590E8F /* Sources */,
				552E017A1B2CBE7D00590E8F /* Frameworks */,
				552E017B1B2CBE7D00590E8F /* Resources */,
			);
			buildRules = (
			);
			dependencies = (
			);
			name = Horizon;
			productName = Horizon;
			productReference = 552E017D1B2CBE7D00590E8F /* Horizon.app */;
			productType = "com.apple.product-type.application";
		};
		552E01951B2CBE7D00590E8F /* HorizonTests */ = {
			isa = PBXNativeTarget;
			buildConfigurationList = 552E01A31B2CBE7D00590E8F /* Build configuration list for PBXNativeTarget "HorizonTests" */;
			buildPhases = (
				552E01921B2CBE7D00590E8F /* Sources */,
				552E01931B2CBE7D00590E8F /* Frameworks */,
				552E01941B2CBE7D00590E8F /* Resources */,
			);
			buildRules = (
			);
			dependencies = (
				552E01981B2CBE7D00590E8F /* PBXTargetDependency */,
			);
			name = HorizonTests;
			productName = HorizonTests;
			productReference = 552E01961B2CBE7D00590E8F /* HorizonTests.xctest */;
			productType = "com.apple.product-type.bundle.unit-test";
		};
/* End PBXNativeTarget section */

/* Begin PBXProject section */
		552E01751B2CBE7D00590E8F /* Project object */ = {
			isa = PBXProject;
			attributes = {
				LastUpgradeCheck = 0630;
				ORGANIZATIONNAME = "william murphy";
				TargetAttributes = {
					552E017C1B2CBE7D00590E8F = {
						CreatedOnToolsVersion = 6.3.2;
					};
					552E01951B2CBE7D00590E8F = {
						CreatedOnToolsVersion = 6.3.2;
						TestTargetID = 552E017C1B2CBE7D00590E8F;
					};
				};
			};
			buildConfigurationList = 552E01781B2CBE7D00590E8F /* Build configuration list for PBXProject "Horizon" */;
			compatibilityVersion = "Xcode 3.2";
			developmentRegion = English;
			hasScannedForEncodings = 0;
			knownRegions = (
				en,
				Base,
			);
			mainGroup = 552E01741B2CBE7D00590E8F;
			productRefGroup = 552E017E1B2CBE7D00590E8F /* Products */;
			projectDirPath = "";
			projectRoot = "";
			targets = (
				552E017C1B2CBE7D00590E8F /* Horizon */,
				552E01951B2CBE7D00590E8F /* HorizonTests */,
			);
		};
/* End PBXProject section */

/* Begin PBXResourcesBuildPhase section */
		552E017B1B2CBE7D00590E8F /* Resources */ = {
			isa = PBXResourcesBuildPhase;
			buildActionMask = 2147483647;
			files = (
				552E018C1B2CBE7D00590E8F /* Main.storyboard in Resources */,
				552E01911B2CBE7D00590E8F /* LaunchScreen.xib in Resources */,
				552E018E1B2CBE7D00590E8F /* Images.xcassets in Resources */,
			);
			runOnlyForDeploymentPostprocessing = 0;
		};
		552E01941B2CBE7D00590E8F /* Resources */ = {
			isa = PBXResourcesBuildPhase;
			buildActionMask = 2147483647;
			files = (
			);
			runOnlyForDeploymentPostprocessing = 0;
		};
/* End PBXResourcesBuildPhase section */

/* Begin PBXSourcesBuildPhase section */
		552E01791B2CBE7D00590E8F /* Sources */ = {
			isa = PBXSourcesBuildPhase;
			buildActionMask = 2147483647;
			files = (
				552E01891B2CBE7D00590E8F /* ViewController.m in Sources */,
				552E01861B2CBE7D00590E8F /* AppDelegate.m in Sources */,
				552E01831B2CBE7D00590E8F /* main.m in Sources */,
			);
			runOnlyForDeploymentPostprocessing = 0;
		};
		552E01921B2CBE7D00590E8F /* Sources */ = {
			isa = PBXSourcesBuildPhase;
			buildActionMask = 2147483647;
			files = (
				552E019D1B2CBE7D00590E8F /* HorizonTests.m in Sources */,
			);
			runOnlyForDeploymentPostprocessing = 0;
		};
/* End PBXSourcesBuildPhase section */

/* Begin PBXTargetDependency section */
		552E01981B2CBE7D00590E8F /* PBXTargetDependency */ = {
			isa = PBXTargetDependency;
			target = 552E017C1B2CBE7D00590E8F /* Horizon */;
			targetProxy = 552E01971B2CBE7D00590E8F /* PBXContainerItemProxy */;
		};
/* End PBXTargetDependency section */

/* Begin PBXVariantGroup section */
		552E018A1B2CBE7D00590E8F /* Main.storyboard */ = {
			isa = PBXVariantGroup;
			children = (
				552E018B1B2CBE7D00590E8F /* Base */,
			);
			name = Main.storyboard;
			sourceTree = "<group>";
		};
		552E018F1B2CBE7D00590E8F /* LaunchScreen.xib */ = {
			isa = PBXVariantGroup;
			children = (
				552E01901B2CBE7D00590E8F /* Base */,
			);
			name = LaunchScreen.xib;
			sourceTree = "<group>";
		};
/* End PBXVariantGroup section */

/* Begin XCBuildConfiguration section */
		552E019E1B2CBE7D00590E8F /* Debug */ = {
			isa = XCBuildConfiguration;
			buildSettings = {
				ALWAYS_SEARCH_USER_PATHS = NO;
				CLANG_CXX_LANGUAGE_STANDARD = "gnu++0x";
				CLANG_CXX_LIBRARY = "libc++";
				CLANG_ENABLE_MODULES = YES;
				CLANG_ENABLE_OBJC_ARC = YES;
				CLANG_WARN_BOOL_CONVERSION = YES;
				CLANG_WARN_CONSTANT_CONVERSION = YES;
				CLANG_WARN_DIRECT_OBJC_ISA_USAGE = YES_ERROR;
				CLANG_WARN_EMPTY_BODY = YES;
				CLANG_WARN_ENUM_CONVERSION = YES;
				CLANG_WARN_INT_CONVERSION = YES;
				CLANG_WARN_OBJC_ROOT_CLASS = YES_ERROR;
				CLANG_WARN_UNREACHABLE_CODE = YES;
				CLANG_WARN__DUPLICATE_METHOD_MATCH = YES;
				"CODE_SIGN_IDENTITY[sdk=iphoneos*]" = "iPhone Developer";
				COPY_PHASE_STRIP = NO;
				DEBUG_INFORMATION_FORMAT = "dwarf-with-dsym";
				ENABLE_STRICT_OBJC_MSGSEND = YES;
				GCC_C_LANGUAGE_STANDARD = gnu99;
				GCC_DYNAMIC_NO_PIC = NO;
				GCC_NO_COMMON_BLOCKS = YES;
				GCC_OPTIMIZATION_LEVEL = 0;
				GCC_PREPROCESSOR_DEFINITIONS = (
					"DEBUG=1",
					"$(inherited)",
				);
				GCC_SYMBOLS_PRIVATE_EXTERN = NO;
				GCC_WARN_64_TO_32_BIT_CONVERSION = YES;
				GCC_WARN_ABOUT_RETURN_TYPE = YES_ERROR;
				GCC_WARN_UNDECLARED_SELECTOR = YES;
				GCC_WARN_UNINITIALIZED_AUTOS = YES_AGGRESSIVE;
				GCC_WARN_UNUSED_FUNCTION = YES;
				GCC_WARN_UNUSED_VARIABLE = YES;
				IPHONEOS_DEPLOYMENT_TARGET = 8.3;
				MTL_ENABLE_DEBUG_INFO = YES;
				ONLY_ACTIVE_ARCH = YES;
				SDKROOT = iphoneos;
				TARGETED_DEVICE_FAMILY = "1,2";
			};
			name = Debug;
		};
		552E019F1B2CBE7D00590E8F /* Release */ = {
			isa = XCBuildConfiguration;
			buildSettings = {
				ALWAYS_SEARCH_USER_PATHS = NO;
				CLANG_CXX_LANGUAGE_STANDARD = "gnu++0x";
				CLANG_CXX_LIBRARY = "libc++";
				CLANG_ENABLE_MODULES = YES;
				CLANG_ENABLE_OBJC_ARC = YES;
				CLANG_WARN_BOOL_CONVERSION = YES;
				CLANG_WARN_CONSTANT_CONVERSION = YES;
				CLANG_WARN_DIRECT_OBJC_ISA_USAGE = YES_ERROR;
				CLANG_WARN_EMPTY_BODY = YES;
				CLANG_WARN_ENUM_CONVERSION = YES;
				CLANG_WARN_INT_CONVERSION = YES;
				CLANG_WARN_OBJC_ROOT_CLASS = YES_ERROR;
				CLANG_WARN_UNREACHABLE_CODE = YES;
				CLANG_WARN__DUPLICATE_METHOD_MATCH = YES;
				"CODE_SIGN_IDENTITY[sdk=iphoneos*]" = "iPhone Developer";
				COPY_PHASE_STRIP = NO;
				DEBUG_INFORMATION_FORMAT = "dwarf-with-dsym";
				ENABLE_NS_ASSERTIONS = NO;
				ENABLE_STRICT_OBJC_MSGSEND = YES;
				GCC_C_LANGUAGE_STANDARD = gnu99;
				GCC_NO_COMMON_BLOCKS = YES;
				GCC_WARN_64_TO_32_BIT_CONVERSION = YES;
				GCC_WARN_ABOUT_RETURN_TYPE = YES_ERROR;
				GCC_WARN_UNDECLARED_SELECTOR = YES;
				GCC_WARN_UNINITIALIZED_AUTOS = YES_AGGRESSIVE;
				GCC_WARN_UNUSED_FUNCTION = YES;
				GCC_WARN_UNUSED_VARIABLE = YES;
				IPHONEOS_DEPLOYMENT_TARGET = 8.3;
				MTL_ENABLE_DEBUG_INFO = NO;
				SDKROOT = iphoneos;
				TARGETED_DEVICE_FAMILY = "1,2";
				VALIDATE_PRODUCT = YES;
			};
			name = Release;
		};
		552E01A11B2CBE7D00590E8F /* Debug */ = {
			isa = XCBuildConfiguration;
			buildSettings = {
				ASSETCATALOG_COMPILER_APPICON_NAME = AppIcon;
				INFOPLIST_FILE = Horizon/Info.plist;
				LD_RUNPATH_SEARCH_PATHS = "$(inherited) @executable_path/Frameworks";
				PRODUCT_NAME = "$(TARGET_NAME)";
			};
			name = Debug;
		};
		552E01A21B2CBE7D00590E8F /* Release */ = {
			isa = XCBuildConfiguration;
			buildSettings = {
				ASSETCATALOG_COMPILER_APPICON_NAME = AppIcon;
				INFOPLIST_FILE = Horizon/Info.plist;
				LD_RUNPATH_SEARCH_PATHS = "$(inherited) @executable_path/Frameworks";
				PRODUCT_NAME = "$(TARGET_NAME)";
			};
			name = Release;
		};
		552E01A41B2CBE7D00590E8F /* Debug */ = {
			isa = XCBuildConfiguration;
			buildSettings = {
				BUNDLE_LOADER = "$(TEST_HOST)";
				FRAMEWORK_SEARCH_PATHS = (
					"$(SDKROOT)/Developer/Library/Frameworks",
					"$(inherited)",
				);
				GCC_PREPROCESSOR_DEFINITIONS = (
					"DEBUG=1",
					"$(inherited)",
				);
				INFOPLIST_FILE = HorizonTests/Info.plist;
				LD_RUNPATH_SEARCH_PATHS = "$(inherited) @executable_path/Frameworks @loader_path/Frameworks";
				PRODUCT_NAME = "$(TARGET_NAME)";
				TEST_HOST = "$(BUILT_PRODUCTS_DIR)/Horizon.app/Horizon";
			};
			name = Debug;
		};
		552E01A51B2CBE7D00590E8F /* Release */ = {
			isa = XCBuildConfiguration;
			buildSettings = {
				BUNDLE_LOADER = "$(TEST_HOST)";
				FRAMEWORK_SEARCH_PATHS = (
					"$(SDKROOT)/Developer/Library/Frameworks",
					"$(inherited)",
				);
				INFOPLIST_FILE = HorizonTests/Info.plist;
				LD_RUNPATH_SEARCH_PATHS = "$(inherited) @executable_path/Frameworks @loader_path/Frameworks";
				PRODUCT_NAME = "$(TARGET_NAME)";
				TEST_HOST = "$(BUILT_PRODUCTS_DIR)/Horizon.app/Horizon";
			};
			name = Release;
		};
/* End XCBuildConfiguration section */

/* Begin XCConfigurationList section */
		552E01781B2CBE7D00590E8F /* Build configuration list for PBXProject "Horizon" */ = {
			isa = XCConfigurationList;
			buildConfigurations = (
				552E019E1B2CBE7D00590E8F /* Debug */,
				552E019F1B2CBE7D00590E8F /* Release */,
			);
			defaultConfigurationIsVisible = 0;
			defaultConfigurationName = Release;
		};
		552E01A01B2CBE7D00590E8F /* Build configuration list for PBXNativeTarget "Horizon" */ = {
			isa = XCConfigurationList;
			buildConfigurations = (
				552E01A11B2CBE7D00590E8F /* Debug */,
				552E01A21B2CBE7D00590E8F /* Release */,
			);
			defaultConfigurationIsVisible = 0;
		};
		552E01A31B2CBE7D00590E8F /* Build configuration list for PBXNativeTarget "HorizonTests" */ = {
			isa = XCConfigurationList;
			buildConfigurations = (
				552E01A41B2CBE7D00590E8F /* Debug */,
				552E01A51B2CBE7D00590E8F /* Release */,
			);
			defaultConfigurationIsVisible = 0;
		};
/* End XCConfigurationList section */
	};
	rootObject = 552E01751B2CBE7D00590E8F /* Project object */;
}
